# This file is automatically @generated by Cargo.
# It is not intended for manual editing.
version = 4

[[package]]
name = "cli-app"
version = "0.1.0"
dependencies = [
 "minigrep",
]

[[package]]
name = "minigrep"
version = "0.1.0"
source = "registry+https://github.com/rust-lang/crates.io-index"
checksum = "180c5a7677ed706778dcb60e164aa65aa51c445ced785f77b3c48113a1dde607"
